%{"exjsx": {:git, "git://github.com/talentdeficit/exjsx.git", "d8fcc5f55bdcb8ea41e5688d3b2288ae783c3a02", []},
  "httpotion": {:hex, :httpotion, "0.2.4"},
  "ibrowse": {:git, "git://github.com/cmullaparthi/ibrowse.git", "d2e369ff42666c3574b8b7ec26f69027895c4d94", [tag: "v4.1.1"]},
  "jsx": {:hex, :jsx, "2.2.0"},
  "meck": {:hex, :meck, "0.8.2"},
  "mock": {:git, "git://github.com/jjh42/mock.git", "5d643b66da59e986d656d0f5e6dff789321da4ef", []}}
