%{"httpotion": {:package, "0.2.4"},
  "ibrowse": {:git, "git://github.com/cmullaparthi/ibrowse.git", "7871e2ebe8811efb64e1917e2de455fa87e8dfe3", [tag: "v4.1.0"]},
  "jsex": {:git, "git://github.com/talentdeficit/jsex.git", "e2ddb78ac6b1782da5da1a182c7c70a9c51f1467", []},
  "jsx": {:package, "2.1.1"},
  "meck": {:git, "git://github.com/eproxus/meck.git", "dde759050eff19a1a80fd854d7375174b191665d", [tag: "0.8.2"]},
  "mock": {:git, "git://github.com/jjh42/mock.git", "275109db347caf3449b6d123bd4da720fb08b28e", []}}
